<?xml version="1.0" encoding="utf-8"?>
<Project ToolsVersion="4.0" xmlns="http://schemas.microsoft.com/developer/msbuild/2003">
  <ItemGroup>
    <Filter Include="來源檔案">
      <UniqueIdentifier>{4FC737F1-C7A5-4376-A066-2A32D752A2FF}</UniqueIdentifier>
      <Extensions>cpp;c;cc;cxx;c++;cppm;ixx;def;odl;idl;hpj;bat;asm;asmx</Extensions>
    </Filter>
    <Filter Include="標頭檔">
      <UniqueIdentifier>{93995380-89BD-4b04-88EB-625FBE52EBFB}</UniqueIdentifier>
      <Extensions>h;hh;hpp;hxx;h++;hm;inl;inc;ipp;xsd</Extensions>
    </Filter>
    <Filter Include="資源檔">
      <UniqueIdentifier>{67DA6AB6-F800-4c08-8B7A-83BB121AAD01}</UniqueIdentifier>
      <Extensions>rc;ico;cur;bmp;dlg;rc2;rct;bin;rgs;gif;jpg;jpeg;jpe;resx;tiff;tif;png;wav;mfcribbon-ms</Extensions>
    </Filter>
    <Filter Include="標頭檔\utility">
      <UniqueIdentifier>{c41d3385-a1a7-4159-93df-9ad36a6aed9f}</UniqueIdentifier>
    </Filter>
    <Filter Include="來源檔案\utility">
      <UniqueIdentifier>{b11a7efa-8669-439b-a18d-b739c4ebef21}</UniqueIdentifier>
    </Filter>
    <Filter Include="標頭檔\core">
      <UniqueIdentifier>{09d4588a-0cb2-4484-afa6-37eef6a7d35b}</UniqueIdentifier>
    </Filter>
    <Filter Include="來源檔案\core">
      <UniqueIdentifier>{4895254d-678e-4d13-901c-dee50a2c2564}</UniqueIdentifier>
    </Filter>
    <Filter Include="標頭檔\core\error">
      <UniqueIdentifier>{7f94ff36-a8ff-4cb4-a70e-5b49a8a87b32}</UniqueIdentifier>
    </Filter>
    <Filter Include="標頭檔\core\object">
      <UniqueIdentifier>{0bc04959-51b8-48e7-b7e8-063218ec543c}</UniqueIdentifier>
    </Filter>
    <Filter Include="標頭檔\core\math">
      <UniqueIdentifier>{de43c2d8-ce19-4a49-a332-22a057937f45}</UniqueIdentifier>
    </Filter>
    <Filter Include="標頭檔\core\scene">
      <UniqueIdentifier>{4824feb8-180f-4bca-805d-e45c874ad65a}</UniqueIdentifier>
    </Filter>
    <Filter Include="來源檔案\test">
      <UniqueIdentifier>{a26fbaca-edce-4bf4-a918-ab5cdf894eec}</UniqueIdentifier>
    </Filter>
    <Filter Include="標頭檔\core\ui">
      <UniqueIdentifier>{cfc21561-1530-4fe3-9c2a-c18b92e26b6d}</UniqueIdentifier>
    </Filter>
  </ItemGroup>
  <ItemGroup>
    <ClCompile Include="main.cpp">
      <Filter>來源檔案</Filter>
    </ClCompile>
    <ClCompile Include="engine\src\utility\Timer.cpp">
      <Filter>來源檔案\utility</Filter>
    </ClCompile>
    <ClCompile Include="engine\src\utility\Debug_Logger.cpp">
      <Filter>來源檔案\utility</Filter>
    </ClCompile>
    <ClCompile Include="engine\src\Application.cpp">
      <Filter>來源檔案</Filter>
    </ClCompile>
    <ClCompile Include="engine\src\cfg.cpp">
      <Filter>來源檔案</Filter>
    </ClCompile>
    <ClCompile Include="engine\src\core\error\error_list.cpp">
      <Filter>來源檔案\core</Filter>
    </ClCompile>
    <ClCompile Include="engine\test\test_math_func.h">
      <Filter>來源檔案\test</Filter>
    </ClCompile>
    <ClCompile Include="engine\src\core\math\vector2.cpp">
      <Filter>來源檔案\core</Filter>
    </ClCompile>
  </ItemGroup>
  <ItemGroup>
    <ClInclude Include="engine\src\utility\Timer.h">
      <Filter>標頭檔\utility</Filter>
    </ClInclude>
    <ClInclude Include="engine\src\utility\Debug_Logger.h">
      <Filter>標頭檔\utility</Filter>
    </ClInclude>
    <ClInclude Include="engine\src\utility\utility.h">
      <Filter>標頭檔\utility</Filter>
    </ClInclude>
    <ClInclude Include="engine\src\Application.h">
      <Filter>標頭檔</Filter>
    </ClInclude>
    <ClInclude Include="engine\src\cfg.h">
      <Filter>標頭檔</Filter>
    </ClInclude>
    <ClInclude Include="engine\Engine.h">
      <Filter>標頭檔</Filter>
    </ClInclude>
    <ClInclude Include="engine\src\setup.h">
      <Filter>標頭檔</Filter>
    </ClInclude>
    <ClInclude Include="engine\src\core\error\error_list.h">
      <Filter>標頭檔\core\error</Filter>
    </ClInclude>
    <ClInclude Include="engine\src\core\math\func.h">
      <Filter>標頭檔\core\math</Filter>
    </ClInclude>
    <ClInclude Include="engine\src\core\math\defs.h">
      <Filter>標頭檔\core\math</Filter>
    </ClInclude>
    <ClInclude Include="engine\test\test.h">
      <Filter>來源檔案\test</Filter>
    </ClInclude>
    <ClInclude Include="engine\src\core\math\vector2.h">
      <Filter>標頭檔\core\math</Filter>
    </ClInclude>
  </ItemGroup>
  <ItemGroup>
    <None Include="format.cfg">
      <Filter>資源檔</Filter>
    </None>
    <None Include="README.md">
      <Filter>資源檔</Filter>
    </None>
  </ItemGroup>
</Project>